
Microsoft Visual Studio Solution File, Format Version 12.00
# Visual Studio 15
VisualStudioVersion = 15.0.28307.1972
MinimumVisualStudioVersion = 10.0.40219.1
Project("{FAE04EC0-301F-11D3-BF4B-00C04F79EFBC}") = "Server", "Server\Server.csproj", "{93143C09-0C3E-41B4-986A-E738D2474B2F}"
EndProject
Global
	GlobalSection(SolutionConfigurationPlatforms) = preSolution
		Debug|Any CPU = Debug|Any CPU
		Release|Any CPU = Release|Any CPU
	EndGlobalSection
	GlobalSection(ProjectConfigurationPlatforms) = postSolution
		{93143C09-0C3E-41B4-986A-E738D2474B2F}.Debug|Any CPU.ActiveCfg = Debug|Any CPU
		{93143C09-0C3E-41B4-986A-E738D2474B2F}.Debug|Any CPU.Build.0 = Debug|Any CPU
		{93143C09-0C3E-41B4-986A-E738D2474B2F}.Release|Any CPU.ActiveCfg = Release|Any CPU
		{93143C09-0C3E-41B4-986A-E738D2474B2F}.Release|Any CPU.Build.0 = Release|Any CPU
	EndGlobalSection
	GlobalSection(SolutionProperties) = preSolution
		HideSolutionNode = FALSE
	EndGlobalSection
	GlobalSection(ExtensibilityGlobals) = postSolution
		SolutionGuid = {8A0EFD22-3391-4AD0-B76B-9D4B51A7D62B}
	EndGlobalSection
EndGlobal
